
Microsoft Visual Studio Solution File, Format Version 12.00
# Visual Studio Version 17
VisualStudioVersion = 17.9.34616.47
MinimumVisualStudioVersion = 10.0.40219.1
Project("{9A19103F-16F7-4668-BE54-9A1E7A4F7556}") = "ProcessQueueMessageFunction", "ProcessQueueMessageFunction\ProcessQueueMessageFunction.csproj", "{1CFC6F0A-0F5A-4911-A847-075EC0D52D35}"
EndProject
Project("{9A19103F-16F7-4668-BE54-9A1E7A4F7556}") = "ListBlobsFunction", "ListBlobsFunction\ListBlobsFunction.csproj", "{10C587D0-CE05-4540-9E9C-C27D2FD7CDD9}"
EndProject
Project("{9A19103F-16F7-4668-BE54-9A1E7A4F7556}") = "WebApplication1", "WebApplication1\WebApplication1.csproj", "{A3DD830F-35C5-4B0B-8AF7-C6B409C17765}"
EndProject
Global
	GlobalSection(SolutionConfigurationPlatforms) = preSolution
		Debug|Any CPU = Debug|Any CPU
		Release|Any CPU = Release|Any CPU
	EndGlobalSection
	GlobalSection(ProjectConfigurationPlatforms) = postSolution
		{1CFC6F0A-0F5A-4911-A847-075EC0D52D35}.Debug|Any CPU.ActiveCfg = Debug|Any CPU
		{1CFC6F0A-0F5A-4911-A847-075EC0D52D35}.Debug|Any CPU.Build.0 = Debug|Any CPU
		{1CFC6F0A-0F5A-4911-A847-075EC0D52D35}.Release|Any CPU.ActiveCfg = Release|Any CPU
		{1CFC6F0A-0F5A-4911-A847-075EC0D52D35}.Release|Any CPU.Build.0 = Release|Any CPU
		{10C587D0-CE05-4540-9E9C-C27D2FD7CDD9}.Debug|Any CPU.ActiveCfg = Debug|Any CPU
		{10C587D0-CE05-4540-9E9C-C27D2FD7CDD9}.Debug|Any CPU.Build.0 = Debug|Any CPU
		{10C587D0-CE05-4540-9E9C-C27D2FD7CDD9}.Release|Any CPU.ActiveCfg = Release|Any CPU
		{10C587D0-CE05-4540-9E9C-C27D2FD7CDD9}.Release|Any CPU.Build.0 = Release|Any CPU
		{A3DD830F-35C5-4B0B-8AF7-C6B409C17765}.Debug|Any CPU.ActiveCfg = Debug|Any CPU
		{A3DD830F-35C5-4B0B-8AF7-C6B409C17765}.Debug|Any CPU.Build.0 = Debug|Any CPU
		{A3DD830F-35C5-4B0B-8AF7-C6B409C17765}.Release|Any CPU.ActiveCfg = Release|Any CPU
		{A3DD830F-35C5-4B0B-8AF7-C6B409C17765}.Release|Any CPU.Build.0 = Release|Any CPU
	EndGlobalSection
	GlobalSection(SolutionProperties) = preSolution
		HideSolutionNode = FALSE
	EndGlobalSection
	GlobalSection(ExtensibilityGlobals) = postSolution
		SolutionGuid = {6A079F4E-0298-407A-BE9B-0984AC1500F1}
	EndGlobalSection
EndGlobal
